// !$*UTF8*$!
{
	archiveVersion = 1;
	classes = {
	};
	objectVersion = 46;
	objects = {

/* Begin PBXBuildFile section */
		601D0A421987D98B00E2094C /* Foundation.framework in Frameworks */ = {isa = PBXBuildFile; fileRef = 601D0A411987D98B00E2094C /* Foundation.framework */; };
		601D0A441987D98B00E2094C /* CoreGraphics.framework in Frameworks */ = {isa = PBXBuildFile; fileRef = 601D0A431987D98B00E2094C /* CoreGraphics.framework */; };
		601D0A461987D98B00E2094C /* UIKit.framework in Frameworks */ = {isa = PBXBuildFile; fileRef = 601D0A451987D98B00E2094C /* UIKit.framework */; };
		601D0A4C1987D98B00E2094C /* InfoPlist.strings in Resources */ = {isa = PBXBuildFile; fileRef = 601D0A4A1987D98B00E2094C /* InfoPlist.strings */; };
		601D0A4E1987D98B00E2094C /* main.m in Sources */ = {isa = PBXBuildFile; fileRef = 601D0A4D1987D98B00E2094C /* main.m */; };
		601D0A521987D98B00E2094C /* TTTAppDelegate.m in Sources */ = {isa = PBXBuildFile; fileRef = 601D0A511987D98B00E2094C /* TTTAppDelegate.m */; };
		601D0A541987D98B00E2094C /* Images.xcassets in Resources */ = {isa = PBXBuildFile; fileRef = 601D0A531987D98B00E2094C /* Images.xcassets */; };
		601D0A5B1987D98B00E2094C /* XCTest.framework in Frameworks */ = {isa = PBXBuildFile; fileRef = 601D0A5A1987D98B00E2094C /* XCTest.framework */; };
		601D0A5C1987D98B00E2094C /* Foundation.framework in Frameworks */ = {isa = PBXBuildFile; fileRef = 601D0A411987D98B00E2094C /* Foundation.framework */; };
		601D0A5D1987D98B00E2094C /* UIKit.framework in Frameworks */ = {isa = PBXBuildFile; fileRef = 601D0A451987D98B00E2094C /* UIKit.framework */; };
		601D0A651987D98B00E2094C /* InfoPlist.strings in Resources */ = {isa = PBXBuildFile; fileRef = 601D0A631987D98B00E2094C /* InfoPlist.strings */; };
		601D0A671987D98B00E2094C /* TacTests.m in Sources */ = {isa = PBXBuildFile; fileRef = 601D0A661987D98B00E2094C /* TacTests.m */; };
/* End PBXBuildFile section */

/* Begin PBXContainerItemProxy section */
		601D0A5E1987D98B00E2094C /* PBXContainerItemProxy */ = {
			isa = PBXContainerItemProxy;
			containerPortal = 601D0A361987D98B00E2094C /* Project object */;
			proxyType = 1;
			remoteGlobalIDString = 601D0A3D1987D98B00E2094C;
			remoteInfo = Tac;
		};
/* End PBXContainerItemProxy section */

/* Begin PBXFileReference section */
		601D0A3E1987D98B00E2094C /* Tac.app */ = {isa = PBXFileReference; explicitFileType = wrapper.application; includeInIndex = 0; path = Tac.app; sourceTree = BUILT_PRODUCTS_DIR; };
		601D0A411987D98B00E2094C /* Foundation.framework */ = {isa = PBXFileReference; lastKnownFileType = wrapper.framework; name = Foundation.framework; path = System/Library/Frameworks/Foundation.framework; sourceTree = SDKROOT; };
		601D0A431987D98B00E2094C /* CoreGraphics.framework */ = {isa = PBXFileReference; lastKnownFileType = wrapper.framework; name = CoreGraphics.framework; path = System/Library/Frameworks/CoreGraphics.framework; sourceTree = SDKROOT; };
		601D0A451987D98B00E2094C /* UIKit.framework */ = {isa = PBXFileReference; lastKnownFileType = wrapper.framework; name = UIKit.framework; path = System/Library/Frameworks/UIKit.framework; sourceTree = SDKROOT; };
		601D0A491987D98B00E2094C /* Tac-Info.plist */ = {isa = PBXFileReference; lastKnownFileType = text.plist.xml; path = "Tac-Info.plist"; sourceTree = "<group>"; };
		601D0A4B1987D98B00E2094C /* en */ = {isa = PBXFileReference; lastKnownFileType = text.plist.strings; name = en; path = en.lproj/InfoPlist.strings; sourceTree = "<group>"; };
		601D0A4D1987D98B00E2094C /* main.m */ = {isa = PBXFileReference; lastKnownFileType = sourcecode.c.objc; path = main.m; sourceTree = "<group>"; };
		601D0A4F1987D98B00E2094C /* Tac-Prefix.pch */ = {isa = PBXFileReference; lastKnownFileType = sourcecode.c.h; path = "Tac-Prefix.pch"; sourceTree = "<group>"; };
		601D0A501987D98B00E2094C /* TTTAppDelegate.h */ = {isa = PBXFileReference; lastKnownFileType = sourcecode.c.h; path = TTTAppDelegate.h; sourceTree = "<group>"; };
		601D0A511987D98B00E2094C /* TTTAppDelegate.m */ = {isa = PBXFileReference; lastKnownFileType = sourcecode.c.objc; path = TTTAppDelegate.m; sourceTree = "<group>"; };
		601D0A531987D98B00E2094C /* Images.xcassets */ = {isa = PBXFileReference; lastKnownFileType = folder.assetcatalog; path = Images.xcassets; sourceTree = "<group>"; };
		601D0A591987D98B00E2094C /* TacTests.xctest */ = {isa = PBXFileReference; explicitFileType = wrapper.cfbundle; includeInIndex = 0; path = TacTests.xctest; sourceTree = BUILT_PRODUCTS_DIR; };
		601D0A5A1987D98B00E2094C /* XCTest.framework */ = {isa = PBXFileReference; lastKnownFileType = wrapper.framework; name = XCTest.framework; path = Library/Frameworks/XCTest.framework; sourceTree = DEVELOPER_DIR; };
		601D0A621987D98B00E2094C /* TacTests-Info.plist */ = {isa = PBXFileReference; lastKnownFileType = text.plist.xml; path = "TacTests-Info.plist"; sourceTree = "<group>"; };
		601D0A641987D98B00E2094C /* en */ = {isa = PBXFileReference; lastKnownFileType = text.plist.strings; name = en; path = en.lproj/InfoPlist.strings; sourceTree = "<group>"; };
		601D0A661987D98B00E2094C /* TacTests.m */ = {isa = PBXFileReference; lastKnownFileType = sourcecode.c.objc; path = TacTests.m; sourceTree = "<group>"; };
/* End PBXFileReference section */

/* Begin PBXFrameworksBuildPhase section */
		601D0A3B1987D98B00E2094C /* Frameworks */ = {
			isa = PBXFrameworksBuildPhase;
			buildActionMask = 2147483647;
			files = (
				601D0A441987D98B00E2094C /* CoreGraphics.framework in Frameworks */,
				601D0A461987D98B00E2094C /* UIKit.framework in Frameworks */,
				601D0A421987D98B00E2094C /* Foundation.framework in Frameworks */,
			);
			runOnlyForDeploymentPostprocessing = 0;
		};
		601D0A561987D98B00E2094C /* Frameworks */ = {
			isa = PBXFrameworksBuildPhase;
			buildActionMask = 2147483647;
			files = (
				601D0A5B1987D98B00E2094C /* XCTest.framework in Frameworks */,
				601D0A5D1987D98B00E2094C /* UIKit.framework in Frameworks */,
				601D0A5C1987D98B00E2094C /* Foundation.framework in Frameworks */,
			);
			runOnlyForDeploymentPostprocessing = 0;
		};
/* End PBXFrameworksBuildPhase section */

/* Begin PBXGroup section */
		601D0A351987D98B00E2094C = {
			isa = PBXGroup;
			children = (
				601D0A471987D98B00E2094C /* Tac */,
				601D0A601987D98B00E2094C /* TacTests */,
				601D0A401987D98B00E2094C /* Frameworks */,
				601D0A3F1987D98B00E2094C /* Products */,
			);
			sourceTree = "<group>";
		};
		601D0A3F1987D98B00E2094C /* Products */ = {
			isa = PBXGroup;
			children = (
				601D0A3E1987D98B00E2094C /* Tac.app */,
				601D0A591987D98B00E2094C /* TacTests.xctest */,
			);
			name = Products;
			sourceTree = "<group>";
		};
		601D0A401987D98B00E2094C /* Frameworks */ = {
			isa = PBXGroup;
			children = (
				601D0A411987D98B00E2094C /* Foundation.framework */,
				601D0A431987D98B00E2094C /* CoreGraphics.framework */,
				601D0A451987D98B00E2094C /* UIKit.framework */,
				601D0A5A1987D98B00E2094C /* XCTest.framework */,
			);
			name = Frameworks;
			sourceTree = "<group>";
		};
		601D0A471987D98B00E2094C /* Tac */ = {
			isa = PBXGroup;
			children = (
				601D0A501987D98B00E2094C /* TTTAppDelegate.h */,
				601D0A511987D98B00E2094C /* TTTAppDelegate.m */,
				601D0A531987D98B00E2094C /* Images.xcassets */,
				601D0A481987D98B00E2094C /* Supporting Files */,
			);
			path = Tac;
			sourceTree = "<group>";
		};
		601D0A481987D98B00E2094C /* Supporting Files */ = {
			isa = PBXGroup;
			children = (
				601D0A491987D98B00E2094C /* Tac-Info.plist */,
				601D0A4A1987D98B00E2094C /* InfoPlist.strings */,
				601D0A4D1987D98B00E2094C /* main.m */,
				601D0A4F1987D98B00E2094C /* Tac-Prefix.pch */,
			);
			name = "Supporting Files";
			sourceTree = "<group>";
		};
		601D0A601987D98B00E2094C /* TacTests */ = {
			isa = PBXGroup;
			children = (
				601D0A661987D98B00E2094C /* TacTests.m */,
				601D0A611987D98B00E2094C /* Supporting Files */,
			);
			path = TacTests;
			sourceTree = "<group>";
		};
		601D0A611987D98B00E2094C /* Supporting Files */ = {
			isa = PBXGroup;
			children = (
				601D0A621987D98B00E2094C /* TacTests-Info.plist */,
				601D0A631987D98B00E2094C /* InfoPlist.strings */,
			);
			name = "Supporting Files";
			sourceTree = "<group>";
		};
/* End PBXGroup section */

/* Begin PBXNativeTarget section */
		601D0A3D1987D98B00E2094C /* Tac */ = {
			isa = PBXNativeTarget;
			buildConfigurationList = 601D0A6A1987D98B00E2094C /* Build configuration list for PBXNativeTarget "Tac" */;
			buildPhases = (
				601D0A3A1987D98B00E2094C /* Sources */,
				601D0A3B1987D98B00E2094C /* Frameworks */,
				601D0A3C1987D98B00E2094C /* Resources */,
			);
			buildRules = (
			);
			dependencies = (
			);
			name = Tac;
			productName = Tac;
			productReference = 601D0A3E1987D98B00E2094C /* Tac.app */;
			productType = "com.apple.product-type.application";
		};
		601D0A581987D98B00E2094C /* TacTests */ = {
			isa = PBXNativeTarget;
			buildConfigurationList = 601D0A6D1987D98B00E2094C /* Build configuration list for PBXNativeTarget "TacTests" */;
			buildPhases = (
				601D0A551987D98B00E2094C /* Sources */,
				601D0A561987D98B00E2094C /* Frameworks */,
				601D0A571987D98B00E2094C /* Resources */,
			);
			buildRules = (
			);
			dependencies = (
				601D0A5F1987D98B00E2094C /* PBXTargetDependency */,
			);
			name = TacTests;
			productName = TacTests;
			productReference = 601D0A591987D98B00E2094C /* TacTests.xctest */;
			productType = "com.apple.product-type.bundle.unit-test";
		};
/* End PBXNativeTarget section */

/* Begin PBXProject section */
		601D0A361987D98B00E2094C /* Project object */ = {
			isa = PBXProject;
			attributes = {
				CLASSPREFIX = TTT;
				LastUpgradeCheck = 0510;
				ORGANIZATIONNAME = "Daniel Merrill";
				TargetAttributes = {
					601D0A581987D98B00E2094C = {
						TestTargetID = 601D0A3D1987D98B00E2094C;
					};
				};
			};
			buildConfigurationList = 601D0A391987D98B00E2094C /* Build configuration list for PBXProject "Tac" */;
			compatibilityVersion = "Xcode 3.2";
			developmentRegion = English;
			hasScannedForEncodings = 0;
			knownRegions = (
				en,
			);
			mainGroup = 601D0A351987D98B00E2094C;
			productRefGroup = 601D0A3F1987D98B00E2094C /* Products */;
			projectDirPath = "";
			projectRoot = "";
			targets = (
				601D0A3D1987D98B00E2094C /* Tac */,
				601D0A581987D98B00E2094C /* TacTests */,
			);
		};
/* End PBXProject section */

/* Begin PBXResourcesBuildPhase section */
		601D0A3C1987D98B00E2094C /* Resources */ = {
			isa = PBXResourcesBuildPhase;
			buildActionMask = 2147483647;
			files = (
				601D0A4C1987D98B00E2094C /* InfoPlist.strings in Resources */,
				601D0A541987D98B00E2094C /* Images.xcassets in Resources */,
			);
			runOnlyForDeploymentPostprocessing = 0;
		};
		601D0A571987D98B00E2094C /* Resources */ = {
			isa = PBXResourcesBuildPhase;
			buildActionMask = 2147483647;
			files = (
				601D0A651987D98B00E2094C /* InfoPlist.strings in Resources */,
			);
			runOnlyForDeploymentPostprocessing = 0;
		};
/* End PBXResourcesBuildPhase section */

/* Begin PBXSourcesBuildPhase section */
		601D0A3A1987D98B00E2094C /* Sources */ = {
			isa = PBXSourcesBuildPhase;
			buildActionMask = 2147483647;
			files = (
				601D0A4E1987D98B00E2094C /* main.m in Sources */,
				601D0A521987D98B00E2094C /* TTTAppDelegate.m in Sources */,
			);
			runOnlyForDeploymentPostprocessing = 0;
		};
		601D0A551987D98B00E2094C /* Sources */ = {
			isa = PBXSourcesBuildPhase;
			buildActionMask = 2147483647;
			files = (
				601D0A671987D98B00E2094C /* TacTests.m in Sources */,
			);
			runOnlyForDeploymentPostprocessing = 0;
		};
/* End PBXSourcesBuildPhase section */

/* Begin PBXTargetDependency section */
		601D0A5F1987D98B00E2094C /* PBXTargetDependency */ = {
			isa = PBXTargetDependency;
			target = 601D0A3D1987D98B00E2094C /* Tac */;
			targetProxy = 601D0A5E1987D98B00E2094C /* PBXContainerItemProxy */;
		};
/* End PBXTargetDependency section */

/* Begin PBXVariantGroup section */
		601D0A4A1987D98B00E2094C /* InfoPlist.strings */ = {
			isa = PBXVariantGroup;
			children = (
				601D0A4B1987D98B00E2094C /* en */,
			);
			name = InfoPlist.strings;
			sourceTree = "<group>";
		};
		601D0A631987D98B00E2094C /* InfoPlist.strings */ = {
			isa = PBXVariantGroup;
			children = (
				601D0A641987D98B00E2094C /* en */,
			);
			name = InfoPlist.strings;
			sourceTree = "<group>";
		};
/* End PBXVariantGroup section */

/* Begin XCBuildConfiguration section */
		601D0A681987D98B00E2094C /* Debug */ = {
			isa = XCBuildConfiguration;
			buildSettings = {
				ALWAYS_SEARCH_USER_PATHS = NO;
				CLANG_CXX_LANGUAGE_STANDARD = "gnu++0x";
				CLANG_CXX_LIBRARY = "libc++";
				CLANG_ENABLE_MODULES = YES;
				CLANG_ENABLE_OBJC_ARC = YES;
				CLANG_WARN_BOOL_CONVERSION = YES;
				CLANG_WARN_CONSTANT_CONVERSION = YES;
				CLANG_WARN_DIRECT_OBJC_ISA_USAGE = YES_ERROR;
				CLANG_WARN_EMPTY_BODY = YES;
				CLANG_WARN_ENUM_CONVERSION = YES;
				CLANG_WARN_INT_CONVERSION = YES;
				CLANG_WARN_OBJC_ROOT_CLASS = YES_ERROR;
				CLANG_WARN__DUPLICATE_METHOD_MATCH = YES;
				"CODE_SIGN_IDENTITY[sdk=iphoneos*]" = "iPhone Developer";
				COPY_PHASE_STRIP = NO;
				GCC_C_LANGUAGE_STANDARD = gnu99;
				GCC_DYNAMIC_NO_PIC = NO;
				GCC_OPTIMIZATION_LEVEL = 0;
				GCC_PREPROCESSOR_DEFINITIONS = (
					"DEBUG=1",
					"$(inherited)",
				);
				GCC_SYMBOLS_PRIVATE_EXTERN = NO;
				GCC_WARN_64_TO_32_BIT_CONVERSION = YES;
				GCC_WARN_ABOUT_RETURN_TYPE = YES_ERROR;
				GCC_WARN_UNDECLARED_SELECTOR = YES;
				GCC_WARN_UNINITIALIZED_AUTOS = YES_AGGRESSIVE;
				GCC_WARN_UNUSED_FUNCTION = YES;
				GCC_WARN_UNUSED_VARIABLE = YES;
				IPHONEOS_DEPLOYMENT_TARGET = 7.1;
				ONLY_ACTIVE_ARCH = YES;
				SDKROOT = iphoneos;
			};
			name = Debug;
		};
		601D0A691987D98B00E2094C /* Release */ = {
			isa = XCBuildConfiguration;
			buildSettings = {
				ALWAYS_SEARCH_USER_PATHS = NO;
				CLANG_CXX_LANGUAGE_STANDARD = "gnu++0x";
				CLANG_CXX_LIBRARY = "libc++";
				CLANG_ENABLE_MODULES = YES;
				CLANG_ENABLE_OBJC_ARC = YES;
				CLANG_WARN_BOOL_CONVERSION = YES;
				CLANG_WARN_CONSTANT_CONVERSION = YES;
				CLANG_WARN_DIRECT_OBJC_ISA_USAGE = YES_ERROR;
				CLANG_WARN_EMPTY_BODY = YES;
				CLANG_WARN_ENUM_CONVERSION = YES;
				CLANG_WARN_INT_CONVERSION = YES;
				CLANG_WARN_OBJC_ROOT_CLASS = YES_ERROR;
				CLANG_WARN__DUPLICATE_METHOD_MATCH = YES;
				"CODE_SIGN_IDENTITY[sdk=iphoneos*]" = "iPhone Developer";
				COPY_PHASE_STRIP = YES;
				ENABLE_NS_ASSERTIONS = NO;
				GCC_C_LANGUAGE_STANDARD = gnu99;
				GCC_WARN_64_TO_32_BIT_CONVERSION = YES;
				GCC_WARN_ABOUT_RETURN_TYPE = YES_ERROR;
				GCC_WARN_UNDECLARED_SELECTOR = YES;
				GCC_WARN_UNINITIALIZED_AUTOS = YES_AGGRESSIVE;
				GCC_WARN_UNUSED_FUNCTION = YES;
				GCC_WARN_UNUSED_VARIABLE = YES;
				IPHONEOS_DEPLOYMENT_TARGET = 7.1;
				SDKROOT = iphoneos;
				VALIDATE_PRODUCT = YES;
			};
			name = Release;
		};
		601D0A6B1987D98B00E2094C /* Debug */ = {
			isa = XCBuildConfiguration;
			buildSettings = {
				ASSETCATALOG_COMPILER_APPICON_NAME = AppIcon;
				ASSETCATALOG_COMPILER_LAUNCHIMAGE_NAME = LaunchImage;
				GCC_PRECOMPILE_PREFIX_HEADER = YES;
				GCC_PREFIX_HEADER = "Tac/Tac-Prefix.pch";
				INFOPLIST_FILE = "Tac/Tac-Info.plist";
				PRODUCT_NAME = "$(TARGET_NAME)";
				WRAPPER_EXTENSION = app;
			};
			name = Debug;
		};
		601D0A6C1987D98B00E2094C /* Release */ = {
			isa = XCBuildConfiguration;
			buildSettings = {
				ASSETCATALOG_COMPILER_APPICON_NAME = AppIcon;
				ASSETCATALOG_COMPILER_LAUNCHIMAGE_NAME = LaunchImage;
				GCC_PRECOMPILE_PREFIX_HEADER = YES;
				GCC_PREFIX_HEADER = "Tac/Tac-Prefix.pch";
				INFOPLIST_FILE = "Tac/Tac-Info.plist";
				PRODUCT_NAME = "$(TARGET_NAME)";
				WRAPPER_EXTENSION = app;
			};
			name = Release;
		};
		601D0A6E1987D98B00E2094C /* Debug */ = {
			isa = XCBuildConfiguration;
			buildSettings = {
				BUNDLE_LOADER = "$(BUILT_PRODUCTS_DIR)/Tac.app/Tac";
				FRAMEWORK_SEARCH_PATHS = (
					"$(SDKROOT)/Developer/Library/Frameworks",
					"$(inherited)",
					"$(DEVELOPER_FRAMEWORKS_DIR)",
				);
				GCC_PRECOMPILE_PREFIX_HEADER = YES;
				GCC_PREFIX_HEADER = "Tac/Tac-Prefix.pch";
				GCC_PREPROCESSOR_DEFINITIONS = (
					"DEBUG=1",
					"$(inherited)",
				);
				INFOPLIST_FILE = "TacTests/TacTests-Info.plist";
				PRODUCT_NAME = "$(TARGET_NAME)";
				TEST_HOST = "$(BUNDLE_LOADER)";
				WRAPPER_EXTENSION = xctest;
			};
			name = Debug;
		};
		601D0A6F1987D98B00E2094C /* Release */ = {
			isa = XCBuildConfiguration;
			buildSettings = {
				BUNDLE_LOADER = "$(BUILT_PRODUCTS_DIR)/Tac.app/Tac";
				FRAMEWORK_SEARCH_PATHS = (
					"$(SDKROOT)/Developer/Library/Frameworks",
					"$(inherited)",
					"$(DEVELOPER_FRAMEWORKS_DIR)",
				);
				GCC_PRECOMPILE_PREFIX_HEADER = YES;
				GCC_PREFIX_HEADER = "Tac/Tac-Prefix.pch";
				INFOPLIST_FILE = "TacTests/TacTests-Info.plist";
				PRODUCT_NAME = "$(TARGET_NAME)";
				TEST_HOST = "$(BUNDLE_LOADER)";
				WRAPPER_EXTENSION = xctest;
			};
			name = Release;
		};
/* End XCBuildConfiguration section */

/* Begin XCConfigurationList section */
		601D0A391987D98B00E2094C /* Build configuration list for PBXProject "Tac" */ = {
			isa = XCConfigurationList;
			buildConfigurations = (
				601D0A681987D98B00E2094C /* Debug */,
				601D0A691987D98B00E2094C /* Release */,
			);
			defaultConfigurationIsVisible = 0;
			defaultConfigurationName = Release;
		};
		601D0A6A1987D98B00E2094C /* Build configuration list for PBXNativeTarget "Tac" */ = {
			isa = XCConfigurationList;
			buildConfigurations = (
				601D0A6B1987D98B00E2094C /* Debug */,
				601D0A6C1987D98B00E2094C /* Release */,
			);
			defaultConfigurationIsVisible = 0;
		};
		601D0A6D1987D98B00E2094C /* Build configuration list for PBXNativeTarget "TacTests" */ = {
			isa = XCConfigurationList;
			buildConfigurations = (
				601D0A6E1987D98B00E2094C /* Debug */,
				601D0A6F1987D98B00E2094C /* Release */,
			);
			defaultConfigurationIsVisible = 0;
		};
/* End XCConfigurationList section */
	};
	rootObject = 601D0A361987D98B00E2094C /* Project object */;
}
